
Microsoft Visual Studio Solution File, Format Version 12.00
# Visual Studio 2013
VisualStudioVersion = 12.0.31101.0
MinimumVisualStudioVersion = 10.0.40219.1
Project("{2150E333-8FDC-42A3-9474-1A3956D46DE8}") = "RaspTuneZ", "RaspTuneZ", "{1C49E215-98CA-4308-940B-061A9E7899EF}"
EndProject
Project("{FAE04EC0-301F-11D3-BF4B-00C04F79EFBC}") = "BollerTuneZCore", "BollerTuneZCore\BollerTuneZCore.csproj", "{E714B849-0984-42FC-977C-0B812DD2F71A}"
EndProject
Project("{FAE04EC0-301F-11D3-BF4B-00C04F79EFBC}") = "Communication", "BollerTuneZCore\Communication\Communication.csproj", "{E8F26B21-5324-42FD-A4AC-6C183D590D8B}"
EndProject
Project("{FAE04EC0-301F-11D3-BF4B-00C04F79EFBC}") = "Communication.Infrastructure", "BollerTuneZCore\Communication.Infrastructure\Communication.Infrastructure.csproj", "{5A482D12-1CF1-4BC9-ADFE-8D63E1E69D99}"
EndProject
Project("{FAE04EC0-301F-11D3-BF4B-00C04F79EFBC}") = "Infrastructure", "BollerTuneZCore\Infrastructure\Infrastructure.csproj", "{941264CC-5E1C-4BA8-A441-CEF9B7159CAF}"
EndProject
Project("{FAE04EC0-301F-11D3-BF4B-00C04F79EFBC}") = "JoystickApi", "BollerTuneZCore\JoystickApi\JoystickApi.csproj", "{A597448B-594B-4E9F-B07B-5C6E1ED8E7F7}"
EndProject
Project("{FAE04EC0-301F-11D3-BF4B-00C04F79EFBC}") = "SerializationLib", "BollerTuneZCore\SerializationLib\SerializationLib.csproj", "{D20E1E74-D7DF-4D2B-A301-B49D0A85FBD0}"
EndProject
Project("{FAE04EC0-301F-11D3-BF4B-00C04F79EFBC}") = "Testing", "BollerTuneZCore\Testing\Testing.csproj", "{9FB644CF-248A-4D80-A499-920548E3ABC3}"
EndProject
Project("{8BC9CEB8-8B4A-11D0-8D11-00A0C91BC942}") = "Steering", "Steering\Steering.vcxproj", "{C5F80730-F44F-4478-BDAE-6634EFC2CA88}"
EndProject
Project("{2150E333-8FDC-42A3-9474-1A3956D46DE8}") = "SerialCommunicationTest", "SerialCommunicationTest", "{45BE4B46-0CF5-49B7-A92B-224370F68838}"
EndProject
Project("{8BC9CEB8-8B4A-11D0-8D11-00A0C91BC942}") = "SerialCommunicationTestArudino", "SerialCommunicationTestArudino\SerialCommunicationTestArudino.vcxproj", "{2CC699B0-DBFA-4FDF-985D-C3856FF9F06F}"
EndProject
Project("{FAE04EC0-301F-11D3-BF4B-00C04F79EFBC}") = "SerialCommunicationTestCSharp", "SerialCommunicationTestCSharp\SerialCommunicationTestCSharp.csproj", "{F5402FC6-092E-4CFA-838A-860981955F08}"
EndProject
Project("{FAE04EC0-301F-11D3-BF4B-00C04F79EFBC}") = "Data", "Data\Data.csproj", "{80A624AE-E11C-4193-8F4B-73CE77C022A6}"
EndProject
Project("{FAE04EC0-301F-11D3-BF4B-00C04F79EFBC}") = "DataAccess", "DataAccess\DataAccess.csproj", "{9D69F92C-758F-4CB9-BEAA-6CD929F1F4EB}"
EndProject
Project("{8BC9CEB8-8B4A-11D0-8D11-00A0C91BC942}") = "Drive", "Drive\Drive.vcxproj", "{E33ACBF5-6746-4633-9AB6-380714D3DF55}"
EndProject
Project("{2150E333-8FDC-42A3-9474-1A3956D46DE8}") = "Tests", "Tests", "{9D548224-C562-463F-B613-72CE78B85289}"
EndProject
Project("{FAE04EC0-301F-11D3-BF4B-00C04F79EFBC}") = "ControllerTest", "ControllerTest\ControllerTest.csproj", "{F392361B-B520-499F-A191-1798283F6859}"
EndProject
Project("{FAE04EC0-301F-11D3-BF4B-00C04F79EFBC}") = "BTZ.Tests", "BTZ.Tests\BTZ.Tests.csproj", "{984EFD42-FD2C-4282-9F70-D64F18F6D76A}"
EndProject
Project("{2150E333-8FDC-42A3-9474-1A3956D46DE8}") = "ArduinoTests", "ArduinoTests", "{E0453A53-9093-4E58-8187-8AD045345E90}"
EndProject
Project("{8BC9CEB8-8B4A-11D0-8D11-00A0C91BC942}") = "SdCardTest", "SdCardTest\SdCardTest.vcxproj", "{2045E807-A0A5-45F0-84E5-9D6F2775471E}"
EndProject
Project("{FAE04EC0-301F-11D3-BF4B-00C04F79EFBC}") = "SocketIOTest", "SocketIOTest\SocketIOTest.csproj", "{D5885388-4CF9-4C76-9479-A4B8782AF3E5}"
EndProject
Project("{FAE04EC0-301F-11D3-BF4B-00C04F79EFBC}") = "BTZ.Test.Infrastructure", "BTZ.Test.Infrastructure\BTZ.Test.Infrastructure.csproj", "{AD50DB1A-6577-4EEA-9CD7-E9571AB6E1BE}"
EndProject
Project("{FAE04EC0-301F-11D3-BF4B-00C04F79EFBC}") = "BTZ.Settings.Test", "BTZ.Settings.Test\BTZ.Settings.Test.csproj", "{19D5F48C-4F07-4492-BC6B-7BD8C26994F4}"
EndProject
Project("{FAE04EC0-301F-11D3-BF4B-00C04F79EFBC}") = "Plugin.Infrastructure", "Plugin.Infrastructure\Plugin.Infrastructure.csproj", "{FB2C926F-E904-46C3-AB73-91B5FDAFC481}"
EndProject
Project("{FAE04EC0-301F-11D3-BF4B-00C04F79EFBC}") = "Plugin.Data", "Plugin.Data\Plugin.Data.csproj", "{F9C0771D-6B87-4607-8FD4-32D4670E9E93}"
EndProject
Global
	GlobalSection(SolutionConfigurationPlatforms) = preSolution
		Debug|Any CPU = Debug|Any CPU
		Debug|Mixed Platforms = Debug|Mixed Platforms
		Debug|Win32 = Debug|Win32
		Debug|x86 = Debug|x86
		Release|Any CPU = Release|Any CPU
		Release|Mixed Platforms = Release|Mixed Platforms
		Release|Win32 = Release|Win32
		Release|x86 = Release|x86
	EndGlobalSection
	GlobalSection(ProjectConfigurationPlatforms) = postSolution
		{E714B849-0984-42FC-977C-0B812DD2F71A}.Debug|Any CPU.ActiveCfg = Debug|x86
		{E714B849-0984-42FC-977C-0B812DD2F71A}.Debug|Mixed Platforms.ActiveCfg = Debug|x86
		{E714B849-0984-42FC-977C-0B812DD2F71A}.Debug|Mixed Platforms.Build.0 = Debug|x86
		{E714B849-0984-42FC-977C-0B812DD2F71A}.Debug|Win32.ActiveCfg = Debug|x86
		{E714B849-0984-42FC-977C-0B812DD2F71A}.Debug|Win32.Build.0 = Debug|x86
		{E714B849-0984-42FC-977C-0B812DD2F71A}.Debug|x86.ActiveCfg = Debug|x86
		{E714B849-0984-42FC-977C-0B812DD2F71A}.Debug|x86.Build.0 = Debug|x86
		{E714B849-0984-42FC-977C-0B812DD2F71A}.Release|Any CPU.ActiveCfg = Release|x86
		{E714B849-0984-42FC-977C-0B812DD2F71A}.Release|Mixed Platforms.ActiveCfg = Release|x86
		{E714B849-0984-42FC-977C-0B812DD2F71A}.Release|Mixed Platforms.Build.0 = Release|x86
		{E714B849-0984-42FC-977C-0B812DD2F71A}.Release|Win32.ActiveCfg = Release|x86
		{E714B849-0984-42FC-977C-0B812DD2F71A}.Release|Win32.Build.0 = Release|x86
		{E714B849-0984-42FC-977C-0B812DD2F71A}.Release|x86.ActiveCfg = Release|x86
		{E714B849-0984-42FC-977C-0B812DD2F71A}.Release|x86.Build.0 = Release|x86
		{E8F26B21-5324-42FD-A4AC-6C183D590D8B}.Debug|Any CPU.ActiveCfg = Debug|Any CPU
		{E8F26B21-5324-42FD-A4AC-6C183D590D8B}.Debug|Any CPU.Build.0 = Debug|Any CPU
		{E8F26B21-5324-42FD-A4AC-6C183D590D8B}.Debug|Mixed Platforms.ActiveCfg = Debug|Any CPU
		{E8F26B21-5324-42FD-A4AC-6C183D590D8B}.Debug|Mixed Platforms.Build.0 = Debug|Any CPU
		{E8F26B21-5324-42FD-A4AC-6C183D590D8B}.Debug|Win32.ActiveCfg = Debug|Any CPU
		{E8F26B21-5324-42FD-A4AC-6C183D590D8B}.Debug|x86.ActiveCfg = Debug|Any CPU
		{E8F26B21-5324-42FD-A4AC-6C183D590D8B}.Release|Any CPU.ActiveCfg = Release|Any CPU
		{E8F26B21-5324-42FD-A4AC-6C183D590D8B}.Release|Any CPU.Build.0 = Release|Any CPU
		{E8F26B21-5324-42FD-A4AC-6C183D590D8B}.Release|Mixed Platforms.ActiveCfg = Release|Any CPU
		{E8F26B21-5324-42FD-A4AC-6C183D590D8B}.Release|Mixed Platforms.Build.0 = Release|Any CPU
		{E8F26B21-5324-42FD-A4AC-6C183D590D8B}.Release|Win32.ActiveCfg = Release|Any CPU
		{E8F26B21-5324-42FD-A4AC-6C183D590D8B}.Release|x86.ActiveCfg = Release|Any CPU
		{5A482D12-1CF1-4BC9-ADFE-8D63E1E69D99}.Debug|Any CPU.ActiveCfg = Debug|Any CPU
		{5A482D12-1CF1-4BC9-ADFE-8D63E1E69D99}.Debug|Any CPU.Build.0 = Debug|Any CPU
		{5A482D12-1CF1-4BC9-ADFE-8D63E1E69D99}.Debug|Mixed Platforms.ActiveCfg = Debug|Any CPU
		{5A482D12-1CF1-4BC9-ADFE-8D63E1E69D99}.Debug|Mixed Platforms.Build.0 = Debug|Any CPU
		{5A482D12-1CF1-4BC9-ADFE-8D63E1E69D99}.Debug|Win32.ActiveCfg = Debug|Any CPU
		{5A482D12-1CF1-4BC9-ADFE-8D63E1E69D99}.Debug|x86.ActiveCfg = Debug|Any CPU
		{5A482D12-1CF1-4BC9-ADFE-8D63E1E69D99}.Release|Any CPU.ActiveCfg = Release|Any CPU
		{5A482D12-1CF1-4BC9-ADFE-8D63E1E69D99}.Release|Any CPU.Build.0 = Release|Any CPU
		{5A482D12-1CF1-4BC9-ADFE-8D63E1E69D99}.Release|Mixed Platforms.ActiveCfg = Release|Any CPU
		{5A482D12-1CF1-4BC9-ADFE-8D63E1E69D99}.Release|Mixed Platforms.Build.0 = Release|Any CPU
		{5A482D12-1CF1-4BC9-ADFE-8D63E1E69D99}.Release|Win32.ActiveCfg = Release|Any CPU
		{5A482D12-1CF1-4BC9-ADFE-8D63E1E69D99}.Release|x86.ActiveCfg = Release|Any CPU
		{941264CC-5E1C-4BA8-A441-CEF9B7159CAF}.Debug|Any CPU.ActiveCfg = Debug|Any CPU
		{941264CC-5E1C-4BA8-A441-CEF9B7159CAF}.Debug|Any CPU.Build.0 = Debug|Any CPU
		{941264CC-5E1C-4BA8-A441-CEF9B7159CAF}.Debug|Mixed Platforms.ActiveCfg = Debug|Any CPU
		{941264CC-5E1C-4BA8-A441-CEF9B7159CAF}.Debug|Mixed Platforms.Build.0 = Debug|Any CPU
		{941264CC-5E1C-4BA8-A441-CEF9B7159CAF}.Debug|Win32.ActiveCfg = Debug|Any CPU
		{941264CC-5E1C-4BA8-A441-CEF9B7159CAF}.Debug|x86.ActiveCfg = Debug|Any CPU
		{941264CC-5E1C-4BA8-A441-CEF9B7159CAF}.Release|Any CPU.ActiveCfg = Release|Any CPU
		{941264CC-5E1C-4BA8-A441-CEF9B7159CAF}.Release|Any CPU.Build.0 = Release|Any CPU
		{941264CC-5E1C-4BA8-A441-CEF9B7159CAF}.Release|Mixed Platforms.ActiveCfg = Release|Any CPU
		{941264CC-5E1C-4BA8-A441-CEF9B7159CAF}.Release|Mixed Platforms.Build.0 = Release|Any CPU
		{941264CC-5E1C-4BA8-A441-CEF9B7159CAF}.Release|Win32.ActiveCfg = Release|Any CPU
		{941264CC-5E1C-4BA8-A441-CEF9B7159CAF}.Release|x86.ActiveCfg = Release|Any CPU
		{A597448B-594B-4E9F-B07B-5C6E1ED8E7F7}.Debug|Any CPU.ActiveCfg = Debug|Any CPU
		{A597448B-594B-4E9F-B07B-5C6E1ED8E7F7}.Debug|Any CPU.Build.0 = Debug|Any CPU
		{A597448B-594B-4E9F-B07B-5C6E1ED8E7F7}.Debug|Mixed Platforms.ActiveCfg = Debug|Any CPU
		{A597448B-594B-4E9F-B07B-5C6E1ED8E7F7}.Debug|Mixed Platforms.Build.0 = Debug|Any CPU
		{A597448B-594B-4E9F-B07B-5C6E1ED8E7F7}.Debug|Win32.ActiveCfg = Debug|Any CPU
		{A597448B-594B-4E9F-B07B-5C6E1ED8E7F7}.Debug|x86.ActiveCfg = Debug|Any CPU
		{A597448B-594B-4E9F-B07B-5C6E1ED8E7F7}.Release|Any CPU.ActiveCfg = Release|Any CPU
		{A597448B-594B-4E9F-B07B-5C6E1ED8E7F7}.Release|Any CPU.Build.0 = Release|Any CPU
		{A597448B-594B-4E9F-B07B-5C6E1ED8E7F7}.Release|Mixed Platforms.ActiveCfg = Release|Any CPU
		{A597448B-594B-4E9F-B07B-5C6E1ED8E7F7}.Release|Mixed Platforms.Build.0 = Release|Any CPU
		{A597448B-594B-4E9F-B07B-5C6E1ED8E7F7}.Release|Win32.ActiveCfg = Release|Any CPU
		{A597448B-594B-4E9F-B07B-5C6E1ED8E7F7}.Release|x86.ActiveCfg = Release|Any CPU
		{D20E1E74-D7DF-4D2B-A301-B49D0A85FBD0}.Debug|Any CPU.ActiveCfg = Debug|Any CPU
		{D20E1E74-D7DF-4D2B-A301-B49D0A85FBD0}.Debug|Any CPU.Build.0 = Debug|Any CPU
		{D20E1E74-D7DF-4D2B-A301-B49D0A85FBD0}.Debug|Mixed Platforms.ActiveCfg = Debug|Any CPU
		{D20E1E74-D7DF-4D2B-A301-B49D0A85FBD0}.Debug|Mixed Platforms.Build.0 = Debug|Any CPU
		{D20E1E74-D7DF-4D2B-A301-B49D0A85FBD0}.Debug|Win32.ActiveCfg = Debug|Any CPU
		{D20E1E74-D7DF-4D2B-A301-B49D0A85FBD0}.Debug|x86.ActiveCfg = Debug|Any CPU
		{D20E1E74-D7DF-4D2B-A301-B49D0A85FBD0}.Release|Any CPU.ActiveCfg = Release|Any CPU
		{D20E1E74-D7DF-4D2B-A301-B49D0A85FBD0}.Release|Any CPU.Build.0 = Release|Any CPU
		{D20E1E74-D7DF-4D2B-A301-B49D0A85FBD0}.Release|Mixed Platforms.ActiveCfg = Release|Any CPU
		{D20E1E74-D7DF-4D2B-A301-B49D0A85FBD0}.Release|Mixed Platforms.Build.0 = Release|Any CPU
		{D20E1E74-D7DF-4D2B-A301-B49D0A85FBD0}.Release|Win32.ActiveCfg = Release|Any CPU
		{D20E1E74-D7DF-4D2B-A301-B49D0A85FBD0}.Release|x86.ActiveCfg = Release|Any CPU
		{9FB644CF-248A-4D80-A499-920548E3ABC3}.Debug|Any CPU.ActiveCfg = Debug|Any CPU
		{9FB644CF-248A-4D80-A499-920548E3ABC3}.Debug|Any CPU.Build.0 = Debug|Any CPU
		{9FB644CF-248A-4D80-A499-920548E3ABC3}.Debug|Mixed Platforms.ActiveCfg = Debug|Any CPU
		{9FB644CF-248A-4D80-A499-920548E3ABC3}.Debug|Mixed Platforms.Build.0 = Debug|Any CPU
		{9FB644CF-248A-4D80-A499-920548E3ABC3}.Debug|Win32.ActiveCfg = Debug|Any CPU
		{9FB644CF-248A-4D80-A499-920548E3ABC3}.Debug|x86.ActiveCfg = Debug|Any CPU
		{9FB644CF-248A-4D80-A499-920548E3ABC3}.Release|Any CPU.ActiveCfg = Release|Any CPU
		{9FB644CF-248A-4D80-A499-920548E3ABC3}.Release|Any CPU.Build.0 = Release|Any CPU
		{9FB644CF-248A-4D80-A499-920548E3ABC3}.Release|Mixed Platforms.ActiveCfg = Release|Any CPU
		{9FB644CF-248A-4D80-A499-920548E3ABC3}.Release|Mixed Platforms.Build.0 = Release|Any CPU
		{9FB644CF-248A-4D80-A499-920548E3ABC3}.Release|Win32.ActiveCfg = Release|Any CPU
		{9FB644CF-248A-4D80-A499-920548E3ABC3}.Release|x86.ActiveCfg = Release|Any CPU
		{C5F80730-F44F-4478-BDAE-6634EFC2CA88}.Debug|Any CPU.ActiveCfg = Debug|Win32
		{C5F80730-F44F-4478-BDAE-6634EFC2CA88}.Debug|Mixed Platforms.ActiveCfg = Debug|Win32
		{C5F80730-F44F-4478-BDAE-6634EFC2CA88}.Debug|Mixed Platforms.Build.0 = Debug|Win32
		{C5F80730-F44F-4478-BDAE-6634EFC2CA88}.Debug|Win32.ActiveCfg = Debug|Win32
		{C5F80730-F44F-4478-BDAE-6634EFC2CA88}.Debug|Win32.Build.0 = Debug|Win32
		{C5F80730-F44F-4478-BDAE-6634EFC2CA88}.Debug|x86.ActiveCfg = Debug|Win32
		{C5F80730-F44F-4478-BDAE-6634EFC2CA88}.Debug|x86.Build.0 = Debug|Win32
		{C5F80730-F44F-4478-BDAE-6634EFC2CA88}.Release|Any CPU.ActiveCfg = Release|Win32
		{C5F80730-F44F-4478-BDAE-6634EFC2CA88}.Release|Mixed Platforms.ActiveCfg = Release|Win32
		{C5F80730-F44F-4478-BDAE-6634EFC2CA88}.Release|Mixed Platforms.Build.0 = Release|Win32
		{C5F80730-F44F-4478-BDAE-6634EFC2CA88}.Release|Win32.ActiveCfg = Release|Win32
		{C5F80730-F44F-4478-BDAE-6634EFC2CA88}.Release|Win32.Build.0 = Release|Win32
		{C5F80730-F44F-4478-BDAE-6634EFC2CA88}.Release|x86.ActiveCfg = Release|Win32
		{C5F80730-F44F-4478-BDAE-6634EFC2CA88}.Release|x86.Build.0 = Release|Win32
		{2CC699B0-DBFA-4FDF-985D-C3856FF9F06F}.Debug|Any CPU.ActiveCfg = Debug|Win32
		{2CC699B0-DBFA-4FDF-985D-C3856FF9F06F}.Debug|Mixed Platforms.ActiveCfg = Debug|Win32
		{2CC699B0-DBFA-4FDF-985D-C3856FF9F06F}.Debug|Mixed Platforms.Build.0 = Debug|Win32
		{2CC699B0-DBFA-4FDF-985D-C3856FF9F06F}.Debug|Win32.ActiveCfg = Debug|Win32
		{2CC699B0-DBFA-4FDF-985D-C3856FF9F06F}.Debug|Win32.Build.0 = Debug|Win32
		{2CC699B0-DBFA-4FDF-985D-C3856FF9F06F}.Debug|x86.ActiveCfg = Debug|Win32
		{2CC699B0-DBFA-4FDF-985D-C3856FF9F06F}.Debug|x86.Build.0 = Debug|Win32
		{2CC699B0-DBFA-4FDF-985D-C3856FF9F06F}.Release|Any CPU.ActiveCfg = Release|Win32
		{2CC699B0-DBFA-4FDF-985D-C3856FF9F06F}.Release|Mixed Platforms.ActiveCfg = Release|Win32
		{2CC699B0-DBFA-4FDF-985D-C3856FF9F06F}.Release|Mixed Platforms.Build.0 = Release|Win32
		{2CC699B0-DBFA-4FDF-985D-C3856FF9F06F}.Release|Win32.ActiveCfg = Release|Win32
		{2CC699B0-DBFA-4FDF-985D-C3856FF9F06F}.Release|Win32.Build.0 = Release|Win32
		{2CC699B0-DBFA-4FDF-985D-C3856FF9F06F}.Release|x86.ActiveCfg = Release|Win32
		{2CC699B0-DBFA-4FDF-985D-C3856FF9F06F}.Release|x86.Build.0 = Release|Win32
		{F5402FC6-092E-4CFA-838A-860981955F08}.Debug|Any CPU.ActiveCfg = Debug|Any CPU
		{F5402FC6-092E-4CFA-838A-860981955F08}.Debug|Any CPU.Build.0 = Debug|Any CPU
		{F5402FC6-092E-4CFA-838A-860981955F08}.Debug|Mixed Platforms.ActiveCfg = Debug|Any CPU
		{F5402FC6-092E-4CFA-838A-860981955F08}.Debug|Mixed Platforms.Build.0 = Debug|Any CPU
		{F5402FC6-092E-4CFA-838A-860981955F08}.Debug|Win32.ActiveCfg = Debug|Any CPU
		{F5402FC6-092E-4CFA-838A-860981955F08}.Debug|x86.ActiveCfg = Debug|Any CPU
		{F5402FC6-092E-4CFA-838A-860981955F08}.Release|Any CPU.ActiveCfg = Release|Any CPU
		{F5402FC6-092E-4CFA-838A-860981955F08}.Release|Any CPU.Build.0 = Release|Any CPU
		{F5402FC6-092E-4CFA-838A-860981955F08}.Release|Mixed Platforms.ActiveCfg = Release|Any CPU
		{F5402FC6-092E-4CFA-838A-860981955F08}.Release|Mixed Platforms.Build.0 = Release|Any CPU
		{F5402FC6-092E-4CFA-838A-860981955F08}.Release|Win32.ActiveCfg = Release|Any CPU
		{F5402FC6-092E-4CFA-838A-860981955F08}.Release|x86.ActiveCfg = Release|Any CPU
		{80A624AE-E11C-4193-8F4B-73CE77C022A6}.Debug|Any CPU.ActiveCfg = Debug|Any CPU
		{80A624AE-E11C-4193-8F4B-73CE77C022A6}.Debug|Any CPU.Build.0 = Debug|Any CPU
		{80A624AE-E11C-4193-8F4B-73CE77C022A6}.Debug|Mixed Platforms.ActiveCfg = Debug|Any CPU
		{80A624AE-E11C-4193-8F4B-73CE77C022A6}.Debug|Mixed Platforms.Build.0 = Debug|Any CPU
		{80A624AE-E11C-4193-8F4B-73CE77C022A6}.Debug|Win32.ActiveCfg = Debug|Any CPU
		{80A624AE-E11C-4193-8F4B-73CE77C022A6}.Debug|x86.ActiveCfg = Debug|Any CPU
		{80A624AE-E11C-4193-8F4B-73CE77C022A6}.Release|Any CPU.ActiveCfg = Release|Any CPU
		{80A624AE-E11C-4193-8F4B-73CE77C022A6}.Release|Any CPU.Build.0 = Release|Any CPU
		{80A624AE-E11C-4193-8F4B-73CE77C022A6}.Release|Mixed Platforms.ActiveCfg = Release|Any CPU
		{80A624AE-E11C-4193-8F4B-73CE77C022A6}.Release|Mixed Platforms.Build.0 = Release|Any CPU
		{80A624AE-E11C-4193-8F4B-73CE77C022A6}.Release|Win32.ActiveCfg = Release|Any CPU
		{80A624AE-E11C-4193-8F4B-73CE77C022A6}.Release|x86.ActiveCfg = Release|Any CPU
		{9D69F92C-758F-4CB9-BEAA-6CD929F1F4EB}.Debug|Any CPU.ActiveCfg = Debug|Any CPU
		{9D69F92C-758F-4CB9-BEAA-6CD929F1F4EB}.Debug|Any CPU.Build.0 = Debug|Any CPU
		{9D69F92C-758F-4CB9-BEAA-6CD929F1F4EB}.Debug|Mixed Platforms.ActiveCfg = Debug|Any CPU
		{9D69F92C-758F-4CB9-BEAA-6CD929F1F4EB}.Debug|Mixed Platforms.Build.0 = Debug|Any CPU
		{9D69F92C-758F-4CB9-BEAA-6CD929F1F4EB}.Debug|Win32.ActiveCfg = Debug|Any CPU
		{9D69F92C-758F-4CB9-BEAA-6CD929F1F4EB}.Debug|x86.ActiveCfg = Debug|Any CPU
		{9D69F92C-758F-4CB9-BEAA-6CD929F1F4EB}.Release|Any CPU.ActiveCfg = Release|Any CPU
		{9D69F92C-758F-4CB9-BEAA-6CD929F1F4EB}.Release|Any CPU.Build.0 = Release|Any CPU
		{9D69F92C-758F-4CB9-BEAA-6CD929F1F4EB}.Release|Mixed Platforms.ActiveCfg = Release|Any CPU
		{9D69F92C-758F-4CB9-BEAA-6CD929F1F4EB}.Release|Mixed Platforms.Build.0 = Release|Any CPU
		{9D69F92C-758F-4CB9-BEAA-6CD929F1F4EB}.Release|Win32.ActiveCfg = Release|Any CPU
		{9D69F92C-758F-4CB9-BEAA-6CD929F1F4EB}.Release|x86.ActiveCfg = Release|Any CPU
		{E33ACBF5-6746-4633-9AB6-380714D3DF55}.Debug|Any CPU.ActiveCfg = Debug|Win32
		{E33ACBF5-6746-4633-9AB6-380714D3DF55}.Debug|Mixed Platforms.ActiveCfg = Debug|Win32
		{E33ACBF5-6746-4633-9AB6-380714D3DF55}.Debug|Mixed Platforms.Build.0 = Debug|Win32
		{E33ACBF5-6746-4633-9AB6-380714D3DF55}.Debug|Win32.ActiveCfg = Debug|Win32
		{E33ACBF5-6746-4633-9AB6-380714D3DF55}.Debug|Win32.Build.0 = Debug|Win32
		{E33ACBF5-6746-4633-9AB6-380714D3DF55}.Debug|x86.ActiveCfg = Debug|Win32
		{E33ACBF5-6746-4633-9AB6-380714D3DF55}.Debug|x86.Build.0 = Debug|Win32
		{E33ACBF5-6746-4633-9AB6-380714D3DF55}.Release|Any CPU.ActiveCfg = Release|Win32
		{E33ACBF5-6746-4633-9AB6-380714D3DF55}.Release|Mixed Platforms.ActiveCfg = Release|Win32
		{E33ACBF5-6746-4633-9AB6-380714D3DF55}.Release|Mixed Platforms.Build.0 = Release|Win32
		{E33ACBF5-6746-4633-9AB6-380714D3DF55}.Release|Win32.ActiveCfg = Release|Win32
		{E33ACBF5-6746-4633-9AB6-380714D3DF55}.Release|Win32.Build.0 = Release|Win32
		{E33ACBF5-6746-4633-9AB6-380714D3DF55}.Release|x86.ActiveCfg = Release|Win32
		{E33ACBF5-6746-4633-9AB6-380714D3DF55}.Release|x86.Build.0 = Release|Win32
		{F392361B-B520-499F-A191-1798283F6859}.Debug|Any CPU.ActiveCfg = Debug|Any CPU
		{F392361B-B520-499F-A191-1798283F6859}.Debug|Any CPU.Build.0 = Debug|Any CPU
		{F392361B-B520-499F-A191-1798283F6859}.Debug|Mixed Platforms.ActiveCfg = Debug|Any CPU
		{F392361B-B520-499F-A191-1798283F6859}.Debug|Mixed Platforms.Build.0 = Debug|Any CPU
		{F392361B-B520-499F-A191-1798283F6859}.Debug|Win32.ActiveCfg = Debug|Any CPU
		{F392361B-B520-499F-A191-1798283F6859}.Debug|x86.ActiveCfg = Debug|Any CPU
		{F392361B-B520-499F-A191-1798283F6859}.Release|Any CPU.ActiveCfg = Release|Any CPU
		{F392361B-B520-499F-A191-1798283F6859}.Release|Any CPU.Build.0 = Release|Any CPU
		{F392361B-B520-499F-A191-1798283F6859}.Release|Mixed Platforms.ActiveCfg = Release|Any CPU
		{F392361B-B520-499F-A191-1798283F6859}.Release|Mixed Platforms.Build.0 = Release|Any CPU
		{F392361B-B520-499F-A191-1798283F6859}.Release|Win32.ActiveCfg = Release|Any CPU
		{F392361B-B520-499F-A191-1798283F6859}.Release|x86.ActiveCfg = Release|Any CPU
		{984EFD42-FD2C-4282-9F70-D64F18F6D76A}.Debug|Any CPU.ActiveCfg = Debug|Any CPU
		{984EFD42-FD2C-4282-9F70-D64F18F6D76A}.Debug|Any CPU.Build.0 = Debug|Any CPU
		{984EFD42-FD2C-4282-9F70-D64F18F6D76A}.Debug|Mixed Platforms.ActiveCfg = Debug|Any CPU
		{984EFD42-FD2C-4282-9F70-D64F18F6D76A}.Debug|Mixed Platforms.Build.0 = Debug|Any CPU
		{984EFD42-FD2C-4282-9F70-D64F18F6D76A}.Debug|Win32.ActiveCfg = Debug|Any CPU
		{984EFD42-FD2C-4282-9F70-D64F18F6D76A}.Debug|x86.ActiveCfg = Debug|Any CPU
		{984EFD42-FD2C-4282-9F70-D64F18F6D76A}.Release|Any CPU.ActiveCfg = Release|Any CPU
		{984EFD42-FD2C-4282-9F70-D64F18F6D76A}.Release|Any CPU.Build.0 = Release|Any CPU
		{984EFD42-FD2C-4282-9F70-D64F18F6D76A}.Release|Mixed Platforms.ActiveCfg = Release|Any CPU
		{984EFD42-FD2C-4282-9F70-D64F18F6D76A}.Release|Mixed Platforms.Build.0 = Release|Any CPU
		{984EFD42-FD2C-4282-9F70-D64F18F6D76A}.Release|Win32.ActiveCfg = Release|Any CPU
		{984EFD42-FD2C-4282-9F70-D64F18F6D76A}.Release|x86.ActiveCfg = Release|Any CPU
		{2045E807-A0A5-45F0-84E5-9D6F2775471E}.Debug|Any CPU.ActiveCfg = Debug|Win32
		{2045E807-A0A5-45F0-84E5-9D6F2775471E}.Debug|Mixed Platforms.ActiveCfg = Debug|Win32
		{2045E807-A0A5-45F0-84E5-9D6F2775471E}.Debug|Mixed Platforms.Build.0 = Debug|Win32
		{2045E807-A0A5-45F0-84E5-9D6F2775471E}.Debug|Win32.ActiveCfg = Debug|Win32
		{2045E807-A0A5-45F0-84E5-9D6F2775471E}.Debug|Win32.Build.0 = Debug|Win32
		{2045E807-A0A5-45F0-84E5-9D6F2775471E}.Debug|x86.ActiveCfg = Debug|Win32
		{2045E807-A0A5-45F0-84E5-9D6F2775471E}.Debug|x86.Build.0 = Debug|Win32
		{2045E807-A0A5-45F0-84E5-9D6F2775471E}.Release|Any CPU.ActiveCfg = Release|Win32
		{2045E807-A0A5-45F0-84E5-9D6F2775471E}.Release|Mixed Platforms.ActiveCfg = Release|Win32
		{2045E807-A0A5-45F0-84E5-9D6F2775471E}.Release|Mixed Platforms.Build.0 = Release|Win32
		{2045E807-A0A5-45F0-84E5-9D6F2775471E}.Release|Win32.ActiveCfg = Release|Win32
		{2045E807-A0A5-45F0-84E5-9D6F2775471E}.Release|Win32.Build.0 = Release|Win32
		{2045E807-A0A5-45F0-84E5-9D6F2775471E}.Release|x86.ActiveCfg = Release|Win32
		{2045E807-A0A5-45F0-84E5-9D6F2775471E}.Release|x86.Build.0 = Release|Win32
		{D5885388-4CF9-4C76-9479-A4B8782AF3E5}.Debug|Any CPU.ActiveCfg = Debug|Any CPU
		{D5885388-4CF9-4C76-9479-A4B8782AF3E5}.Debug|Any CPU.Build.0 = Debug|Any CPU
		{D5885388-4CF9-4C76-9479-A4B8782AF3E5}.Debug|Mixed Platforms.ActiveCfg = Debug|Any CPU
		{D5885388-4CF9-4C76-9479-A4B8782AF3E5}.Debug|Mixed Platforms.Build.0 = Debug|Any CPU
		{D5885388-4CF9-4C76-9479-A4B8782AF3E5}.Debug|Win32.ActiveCfg = Debug|Any CPU
		{D5885388-4CF9-4C76-9479-A4B8782AF3E5}.Debug|x86.ActiveCfg = Debug|Any CPU
		{D5885388-4CF9-4C76-9479-A4B8782AF3E5}.Release|Any CPU.ActiveCfg = Release|Any CPU
		{D5885388-4CF9-4C76-9479-A4B8782AF3E5}.Release|Any CPU.Build.0 = Release|Any CPU
		{D5885388-4CF9-4C76-9479-A4B8782AF3E5}.Release|Mixed Platforms.ActiveCfg = Release|Any CPU
		{D5885388-4CF9-4C76-9479-A4B8782AF3E5}.Release|Mixed Platforms.Build.0 = Release|Any CPU
		{D5885388-4CF9-4C76-9479-A4B8782AF3E5}.Release|Win32.ActiveCfg = Release|Any CPU
		{D5885388-4CF9-4C76-9479-A4B8782AF3E5}.Release|x86.ActiveCfg = Release|Any CPU
		{AD50DB1A-6577-4EEA-9CD7-E9571AB6E1BE}.Debug|Any CPU.ActiveCfg = Debug|Any CPU
		{AD50DB1A-6577-4EEA-9CD7-E9571AB6E1BE}.Debug|Any CPU.Build.0 = Debug|Any CPU
		{AD50DB1A-6577-4EEA-9CD7-E9571AB6E1BE}.Debug|Mixed Platforms.ActiveCfg = Debug|Any CPU
		{AD50DB1A-6577-4EEA-9CD7-E9571AB6E1BE}.Debug|Mixed Platforms.Build.0 = Debug|Any CPU
		{AD50DB1A-6577-4EEA-9CD7-E9571AB6E1BE}.Debug|Win32.ActiveCfg = Debug|Any CPU
		{AD50DB1A-6577-4EEA-9CD7-E9571AB6E1BE}.Debug|x86.ActiveCfg = Debug|Any CPU
		{AD50DB1A-6577-4EEA-9CD7-E9571AB6E1BE}.Release|Any CPU.ActiveCfg = Release|Any CPU
		{AD50DB1A-6577-4EEA-9CD7-E9571AB6E1BE}.Release|Any CPU.Build.0 = Release|Any CPU
		{AD50DB1A-6577-4EEA-9CD7-E9571AB6E1BE}.Release|Mixed Platforms.ActiveCfg = Release|Any CPU
		{AD50DB1A-6577-4EEA-9CD7-E9571AB6E1BE}.Release|Mixed Platforms.Build.0 = Release|Any CPU
		{AD50DB1A-6577-4EEA-9CD7-E9571AB6E1BE}.Release|Win32.ActiveCfg = Release|Any CPU
		{AD50DB1A-6577-4EEA-9CD7-E9571AB6E1BE}.Release|x86.ActiveCfg = Release|Any CPU
		{19D5F48C-4F07-4492-BC6B-7BD8C26994F4}.Debug|Any CPU.ActiveCfg = Debug|Any CPU
		{19D5F48C-4F07-4492-BC6B-7BD8C26994F4}.Debug|Any CPU.Build.0 = Debug|Any CPU
		{19D5F48C-4F07-4492-BC6B-7BD8C26994F4}.Debug|Mixed Platforms.ActiveCfg = Debug|Any CPU
		{19D5F48C-4F07-4492-BC6B-7BD8C26994F4}.Debug|Mixed Platforms.Build.0 = Debug|Any CPU
		{19D5F48C-4F07-4492-BC6B-7BD8C26994F4}.Debug|Win32.ActiveCfg = Debug|Any CPU
		{19D5F48C-4F07-4492-BC6B-7BD8C26994F4}.Debug|x86.ActiveCfg = Debug|Any CPU
		{19D5F48C-4F07-4492-BC6B-7BD8C26994F4}.Release|Any CPU.ActiveCfg = Release|Any CPU
		{19D5F48C-4F07-4492-BC6B-7BD8C26994F4}.Release|Any CPU.Build.0 = Release|Any CPU
		{19D5F48C-4F07-4492-BC6B-7BD8C26994F4}.Release|Mixed Platforms.ActiveCfg = Release|Any CPU
		{19D5F48C-4F07-4492-BC6B-7BD8C26994F4}.Release|Mixed Platforms.Build.0 = Release|Any CPU
		{19D5F48C-4F07-4492-BC6B-7BD8C26994F4}.Release|Win32.ActiveCfg = Release|Any CPU
		{19D5F48C-4F07-4492-BC6B-7BD8C26994F4}.Release|x86.ActiveCfg = Release|Any CPU
		{FB2C926F-E904-46C3-AB73-91B5FDAFC481}.Debug|Any CPU.ActiveCfg = Debug|Any CPU
		{FB2C926F-E904-46C3-AB73-91B5FDAFC481}.Debug|Any CPU.Build.0 = Debug|Any CPU
		{FB2C926F-E904-46C3-AB73-91B5FDAFC481}.Debug|Mixed Platforms.ActiveCfg = Debug|Any CPU
		{FB2C926F-E904-46C3-AB73-91B5FDAFC481}.Debug|Mixed Platforms.Build.0 = Debug|Any CPU
		{FB2C926F-E904-46C3-AB73-91B5FDAFC481}.Debug|Win32.ActiveCfg = Debug|Any CPU
		{FB2C926F-E904-46C3-AB73-91B5FDAFC481}.Debug|x86.ActiveCfg = Debug|Any CPU
		{FB2C926F-E904-46C3-AB73-91B5FDAFC481}.Release|Any CPU.ActiveCfg = Release|Any CPU
		{FB2C926F-E904-46C3-AB73-91B5FDAFC481}.Release|Any CPU.Build.0 = Release|Any CPU
		{FB2C926F-E904-46C3-AB73-91B5FDAFC481}.Release|Mixed Platforms.ActiveCfg = Release|Any CPU
		{FB2C926F-E904-46C3-AB73-91B5FDAFC481}.Release|Mixed Platforms.Build.0 = Release|Any CPU
		{FB2C926F-E904-46C3-AB73-91B5FDAFC481}.Release|Win32.ActiveCfg = Release|Any CPU
		{FB2C926F-E904-46C3-AB73-91B5FDAFC481}.Release|x86.ActiveCfg = Release|Any CPU
		{F9C0771D-6B87-4607-8FD4-32D4670E9E93}.Debug|Any CPU.ActiveCfg = Debug|Any CPU
		{F9C0771D-6B87-4607-8FD4-32D4670E9E93}.Debug|Any CPU.Build.0 = Debug|Any CPU
		{F9C0771D-6B87-4607-8FD4-32D4670E9E93}.Debug|Mixed Platforms.ActiveCfg = Debug|Any CPU
		{F9C0771D-6B87-4607-8FD4-32D4670E9E93}.Debug|Mixed Platforms.Build.0 = Debug|Any CPU
		{F9C0771D-6B87-4607-8FD4-32D4670E9E93}.Debug|Win32.ActiveCfg = Debug|Any CPU
		{F9C0771D-6B87-4607-8FD4-32D4670E9E93}.Debug|x86.ActiveCfg = Debug|Any CPU
		{F9C0771D-6B87-4607-8FD4-32D4670E9E93}.Release|Any CPU.ActiveCfg = Release|Any CPU
		{F9C0771D-6B87-4607-8FD4-32D4670E9E93}.Release|Any CPU.Build.0 = Release|Any CPU
		{F9C0771D-6B87-4607-8FD4-32D4670E9E93}.Release|Mixed Platforms.ActiveCfg = Release|Any CPU
		{F9C0771D-6B87-4607-8FD4-32D4670E9E93}.Release|Mixed Platforms.Build.0 = Release|Any CPU
		{F9C0771D-6B87-4607-8FD4-32D4670E9E93}.Release|Win32.ActiveCfg = Release|Any CPU
		{F9C0771D-6B87-4607-8FD4-32D4670E9E93}.Release|x86.ActiveCfg = Release|Any CPU
	EndGlobalSection
	GlobalSection(SolutionProperties) = preSolution
		HideSolutionNode = FALSE
	EndGlobalSection
	GlobalSection(NestedProjects) = preSolution
		{E714B849-0984-42FC-977C-0B812DD2F71A} = {1C49E215-98CA-4308-940B-061A9E7899EF}
		{E8F26B21-5324-42FD-A4AC-6C183D590D8B} = {1C49E215-98CA-4308-940B-061A9E7899EF}
		{5A482D12-1CF1-4BC9-ADFE-8D63E1E69D99} = {1C49E215-98CA-4308-940B-061A9E7899EF}
		{941264CC-5E1C-4BA8-A441-CEF9B7159CAF} = {1C49E215-98CA-4308-940B-061A9E7899EF}
		{A597448B-594B-4E9F-B07B-5C6E1ED8E7F7} = {1C49E215-98CA-4308-940B-061A9E7899EF}
		{D20E1E74-D7DF-4D2B-A301-B49D0A85FBD0} = {1C49E215-98CA-4308-940B-061A9E7899EF}
		{9FB644CF-248A-4D80-A499-920548E3ABC3} = {1C49E215-98CA-4308-940B-061A9E7899EF}
		{2CC699B0-DBFA-4FDF-985D-C3856FF9F06F} = {45BE4B46-0CF5-49B7-A92B-224370F68838}
		{F5402FC6-092E-4CFA-838A-860981955F08} = {45BE4B46-0CF5-49B7-A92B-224370F68838}
		{80A624AE-E11C-4193-8F4B-73CE77C022A6} = {1C49E215-98CA-4308-940B-061A9E7899EF}
		{9D69F92C-758F-4CB9-BEAA-6CD929F1F4EB} = {1C49E215-98CA-4308-940B-061A9E7899EF}
		{9D548224-C562-463F-B613-72CE78B85289} = {1C49E215-98CA-4308-940B-061A9E7899EF}
		{F392361B-B520-499F-A191-1798283F6859} = {9D548224-C562-463F-B613-72CE78B85289}
		{984EFD42-FD2C-4282-9F70-D64F18F6D76A} = {9D548224-C562-463F-B613-72CE78B85289}
		{2045E807-A0A5-45F0-84E5-9D6F2775471E} = {E0453A53-9093-4E58-8187-8AD045345E90}
		{D5885388-4CF9-4C76-9479-A4B8782AF3E5} = {9D548224-C562-463F-B613-72CE78B85289}
		{AD50DB1A-6577-4EEA-9CD7-E9571AB6E1BE} = {9D548224-C562-463F-B613-72CE78B85289}
		{19D5F48C-4F07-4492-BC6B-7BD8C26994F4} = {9D548224-C562-463F-B613-72CE78B85289}
		{FB2C926F-E904-46C3-AB73-91B5FDAFC481} = {1C49E215-98CA-4308-940B-061A9E7899EF}
		{F9C0771D-6B87-4607-8FD4-32D4670E9E93} = {1C49E215-98CA-4308-940B-061A9E7899EF}
	EndGlobalSection
EndGlobal
